// !$*UTF8*$!
{
	archiveVersion = 1;
	classes = {
	};
	objectVersion = 46;
	objects = {

/* Begin PBXBuildFile section */
		D4C6243D1B8A1109002E17C2 /* main.m in Sources */ = {isa = PBXBuildFile; fileRef = D4C6243C1B8A1109002E17C2 /* main.m */; };
		D4C624401B8A1109002E17C2 /* AppDelegate.m in Sources */ = {isa = PBXBuildFile; fileRef = D4C6243F1B8A1109002E17C2 /* AppDelegate.m */; };
		D4C624431B8A1109002E17C2 /* ViewController.m in Sources */ = {isa = PBXBuildFile; fileRef = D4C624421B8A1109002E17C2 /* ViewController.m */; };
		D4C624461B8A1109002E17C2 /* Main.storyboard in Resources */ = {isa = PBXBuildFile; fileRef = D4C624441B8A1109002E17C2 /* Main.storyboard */; };
		D4C624481B8A1109002E17C2 /* Images.xcassets in Resources */ = {isa = PBXBuildFile; fileRef = D4C624471B8A1109002E17C2 /* Images.xcassets */; };
		D4C6244B1B8A1109002E17C2 /* LaunchScreen.xib in Resources */ = {isa = PBXBuildFile; fileRef = D4C624491B8A1109002E17C2 /* LaunchScreen.xib */; };
		D4C624571B8A1109002E17C2 /* testTests.m in Sources */ = {isa = PBXBuildFile; fileRef = D4C624561B8A1109002E17C2 /* testTests.m */; };
/* End PBXBuildFile section */

/* Begin PBXContainerItemProxy section */
		D4C624511B8A1109002E17C2 /* PBXContainerItemProxy */ = {
			isa = PBXContainerItemProxy;
			containerPortal = D4C6242F1B8A1109002E17C2 /* Project object */;
			proxyType = 1;
			remoteGlobalIDString = D4C624361B8A1109002E17C2;
			remoteInfo = test;
		};
/* End PBXContainerItemProxy section */

/* Begin PBXFileReference section */
		D4C624371B8A1109002E17C2 /* test.app */ = {isa = PBXFileReference; explicitFileType = wrapper.application; includeInIndex = 0; path = test.app; sourceTree = BUILT_PRODUCTS_DIR; };
		D4C6243B1B8A1109002E17C2 /* Info.plist */ = {isa = PBXFileReference; lastKnownFileType = text.plist.xml; path = Info.plist; sourceTree = "<group>"; };
		D4C6243C1B8A1109002E17C2 /* main.m */ = {isa = PBXFileReference; lastKnownFileType = sourcecode.c.objc; path = main.m; sourceTree = "<group>"; };
		D4C6243E1B8A1109002E17C2 /* AppDelegate.h */ = {isa = PBXFileReference; lastKnownFileType = sourcecode.c.h; path = AppDelegate.h; sourceTree = "<group>"; };
		D4C6243F1B8A1109002E17C2 /* AppDelegate.m */ = {isa = PBXFileReference; lastKnownFileType = sourcecode.c.objc; path = AppDelegate.m; sourceTree = "<group>"; };
		D4C624411B8A1109002E17C2 /* ViewController.h */ = {isa = PBXFileReference; lastKnownFileType = sourcecode.c.h; path = ViewController.h; sourceTree = "<group>"; };
		D4C624421B8A1109002E17C2 /* ViewController.m */ = {isa = PBXFileReference; lastKnownFileType = sourcecode.c.objc; path = ViewController.m; sourceTree = "<group>"; };
		D4C624451B8A1109002E17C2 /* Base */ = {isa = PBXFileReference; lastKnownFileType = file.storyboard; name = Base; path = Base.lproj/Main.storyboard; sourceTree = "<group>"; };
		D4C624471B8A1109002E17C2 /* Images.xcassets */ = {isa = PBXFileReference; lastKnownFileType = folder.assetcatalog; path = Images.xcassets; sourceTree = "<group>"; };
		D4C6244A1B8A1109002E17C2 /* Base */ = {isa = PBXFileReference; lastKnownFileType = file.xib; name = Base; path = Base.lproj/LaunchScreen.xib; sourceTree = "<group>"; };
		D4C624501B8A1109002E17C2 /* testTests.xctest */ = {isa = PBXFileReference; explicitFileType = wrapper.cfbundle; includeInIndex = 0; path = testTests.xctest; sourceTree = BUILT_PRODUCTS_DIR; };
		D4C624551B8A1109002E17C2 /* Info.plist */ = {isa = PBXFileReference; lastKnownFileType = text.plist.xml; path = Info.plist; sourceTree = "<group>"; };
		D4C624561B8A1109002E17C2 /* testTests.m */ = {isa = PBXFileReference; lastKnownFileType = sourcecode.c.objc; path = testTests.m; sourceTree = "<group>"; };
/* End PBXFileReference section */

/* Begin PBXFrameworksBuildPhase section */
		D4C624341B8A1109002E17C2 /* Frameworks */ = {
			isa = PBXFrameworksBuildPhase;
			buildActionMask = 2147483647;
			files = (
			);
			runOnlyForDeploymentPostprocessing = 0;
		};
		D4C6244D1B8A1109002E17C2 /* Frameworks */ = {
			isa = PBXFrameworksBuildPhase;
			buildActionMask = 2147483647;
			files = (
			);
			runOnlyForDeploymentPostprocessing = 0;
		};
/* End PBXFrameworksBuildPhase section */

/* Begin PBXGroup section */
		D4C6242E1B8A1109002E17C2 = {
			isa = PBXGroup;
			children = (
				D4C624391B8A1109002E17C2 /* test */,
				D4C624531B8A1109002E17C2 /* testTests */,
				D4C624381B8A1109002E17C2 /* Products */,
			);
			sourceTree = "<group>";
		};
		D4C624381B8A1109002E17C2 /* Products */ = {
			isa = PBXGroup;
			children = (
				D4C624371B8A1109002E17C2 /* test.app */,
				D4C624501B8A1109002E17C2 /* testTests.xctest */,
			);
			name = Products;
			sourceTree = "<group>";
		};
		D4C624391B8A1109002E17C2 /* test */ = {
			isa = PBXGroup;
			children = (
				D4C6243E1B8A1109002E17C2 /* AppDelegate.h */,
				D4C6243F1B8A1109002E17C2 /* AppDelegate.m */,
				D4C624411B8A1109002E17C2 /* ViewController.h */,
				D4C624421B8A1109002E17C2 /* ViewController.m */,
				D4C624441B8A1109002E17C2 /* Main.storyboard */,
				D4C624471B8A1109002E17C2 /* Images.xcassets */,
				D4C624491B8A1109002E17C2 /* LaunchScreen.xib */,
				D4C6243A1B8A1109002E17C2 /* Supporting Files */,
			);
			path = test;
			sourceTree = "<group>";
		};
		D4C6243A1B8A1109002E17C2 /* Supporting Files */ = {
			isa = PBXGroup;
			children = (
				D4C6243B1B8A1109002E17C2 /* Info.plist */,
				D4C6243C1B8A1109002E17C2 /* main.m */,
			);
			name = "Supporting Files";
			sourceTree = "<group>";
		};
		D4C624531B8A1109002E17C2 /* testTests */ = {
			isa = PBXGroup;
			children = (
				D4C624561B8A1109002E17C2 /* testTests.m */,
				D4C624541B8A1109002E17C2 /* Supporting Files */,
			);
			path = testTests;
			sourceTree = "<group>";
		};
		D4C624541B8A1109002E17C2 /* Supporting Files */ = {
			isa = PBXGroup;
			children = (
				D4C624551B8A1109002E17C2 /* Info.plist */,
			);
			name = "Supporting Files";
			sourceTree = "<group>";
		};
/* End PBXGroup section */

/* Begin PBXNativeTarget section */
		D4C624361B8A1109002E17C2 /* test */ = {
			isa = PBXNativeTarget;
			buildConfigurationList = D4C6245A1B8A1109002E17C2 /* Build configuration list for PBXNativeTarget "test" */;
			buildPhases = (
				D4C624331B8A1109002E17C2 /* Sources */,
				D4C624341B8A1109002E17C2 /* Frameworks */,
				D4C624351B8A1109002E17C2 /* Resources */,
			);
			buildRules = (
			);
			dependencies = (
			);
			name = test;
			productName = test;
			productReference = D4C624371B8A1109002E17C2 /* test.app */;
			productType = "com.apple.product-type.application";
		};
		D4C6244F1B8A1109002E17C2 /* testTests */ = {
			isa = PBXNativeTarget;
			buildConfigurationList = D4C6245D1B8A1109002E17C2 /* Build configuration list for PBXNativeTarget "testTests" */;
			buildPhases = (
				D4C6244C1B8A1109002E17C2 /* Sources */,
				D4C6244D1B8A1109002E17C2 /* Frameworks */,
				D4C6244E1B8A1109002E17C2 /* Resources */,
			);
			buildRules = (
			);
			dependencies = (
				D4C624521B8A1109002E17C2 /* PBXTargetDependency */,
			);
			name = testTests;
			productName = testTests;
			productReference = D4C624501B8A1109002E17C2 /* testTests.xctest */;
			productType = "com.apple.product-type.bundle.unit-test";
		};
/* End PBXNativeTarget section */

/* Begin PBXProject section */
		D4C6242F1B8A1109002E17C2 /* Project object */ = {
			isa = PBXProject;
			attributes = {
				LastUpgradeCheck = 0630;
				ORGANIZATIONNAME = xiefei;
				TargetAttributes = {
					D4C624361B8A1109002E17C2 = {
						CreatedOnToolsVersion = 6.3;
					};
					D4C6244F1B8A1109002E17C2 = {
						CreatedOnToolsVersion = 6.3;
						TestTargetID = D4C624361B8A1109002E17C2;
					};
				};
			};
			buildConfigurationList = D4C624321B8A1109002E17C2 /* Build configuration list for PBXProject "test" */;
			compatibilityVersion = "Xcode 3.2";
			developmentRegion = English;
			hasScannedForEncodings = 0;
			knownRegions = (
				en,
				Base,
			);
			mainGroup = D4C6242E1B8A1109002E17C2;
			productRefGroup = D4C624381B8A1109002E17C2 /* Products */;
			projectDirPath = "";
			projectRoot = "";
			targets = (
				D4C624361B8A1109002E17C2 /* test */,
				D4C6244F1B8A1109002E17C2 /* testTests */,
			);
		};
/* End PBXProject section */

/* Begin PBXResourcesBuildPhase section */
		D4C624351B8A1109002E17C2 /* Resources */ = {
			isa = PBXResourcesBuildPhase;
			buildActionMask = 2147483647;
			files = (
				D4C624461B8A1109002E17C2 /* Main.storyboard in Resources */,
				D4C6244B1B8A1109002E17C2 /* LaunchScreen.xib in Resources */,
				D4C624481B8A1109002E17C2 /* Images.xcassets in Resources */,
			);
			runOnlyForDeploymentPostprocessing = 0;
		};
		D4C6244E1B8A1109002E17C2 /* Resources */ = {
			isa = PBXResourcesBuildPhase;
			buildActionMask = 2147483647;
			files = (
			);
			runOnlyForDeploymentPostprocessing = 0;
		};
/* End PBXResourcesBuildPhase section */

/* Begin PBXSourcesBuildPhase section */
		D4C624331B8A1109002E17C2 /* Sources */ = {
			isa = PBXSourcesBuildPhase;
			buildActionMask = 2147483647;
			files = (
				D4C624431B8A1109002E17C2 /* ViewController.m in Sources */,
				D4C624401B8A1109002E17C2 /* AppDelegate.m in Sources */,
				D4C6243D1B8A1109002E17C2 /* main.m in Sources */,
			);
			runOnlyForDeploymentPostprocessing = 0;
		};
		D4C6244C1B8A1109002E17C2 /* Sources */ = {
			isa = PBXSourcesBuildPhase;
			buildActionMask = 2147483647;
			files = (
				D4C624571B8A1109002E17C2 /* testTests.m in Sources */,
			);
			runOnlyForDeploymentPostprocessing = 0;
		};
/* End PBXSourcesBuildPhase section */

/* Begin PBXTargetDependency section */
		D4C624521B8A1109002E17C2 /* PBXTargetDependency */ = {
			isa = PBXTargetDependency;
			target = D4C624361B8A1109002E17C2 /* test */;
			targetProxy = D4C624511B8A1109002E17C2 /* PBXContainerItemProxy */;
		};
/* End PBXTargetDependency section */

/* Begin PBXVariantGroup section */
		D4C624441B8A1109002E17C2 /* Main.storyboard */ = {
			isa = PBXVariantGroup;
			children = (
				D4C624451B8A1109002E17C2 /* Base */,
			);
			name = Main.storyboard;
			sourceTree = "<group>";
		};
		D4C624491B8A1109002E17C2 /* LaunchScreen.xib */ = {
			isa = PBXVariantGroup;
			children = (
				D4C6244A1B8A1109002E17C2 /* Base */,
			);
			name = LaunchScreen.xib;
			sourceTree = "<group>";
		};
/* End PBXVariantGroup section */

/* Begin XCBuildConfiguration section */
		D4C624581B8A1109002E17C2 /* Debug */ = {
			isa = XCBuildConfiguration;
			buildSettings = {
				ALWAYS_SEARCH_USER_PATHS = NO;
				CLANG_CXX_LANGUAGE_STANDARD = "gnu++0x";
				CLANG_CXX_LIBRARY = "libc++";
				CLANG_ENABLE_MODULES = YES;
				CLANG_ENABLE_OBJC_ARC = YES;
				CLANG_WARN_BOOL_CONVERSION = YES;
				CLANG_WARN_CONSTANT_CONVERSION = YES;
				CLANG_WARN_DIRECT_OBJC_ISA_USAGE = YES_ERROR;
				CLANG_WARN_EMPTY_BODY = YES;
				CLANG_WARN_ENUM_CONVERSION = YES;
				CLANG_WARN_INT_CONVERSION = YES;
				CLANG_WARN_OBJC_ROOT_CLASS = YES_ERROR;
				CLANG_WARN_UNREACHABLE_CODE = YES;
				CLANG_WARN__DUPLICATE_METHOD_MATCH = YES;
				"CODE_SIGN_IDENTITY[sdk=iphoneos*]" = "iPhone Developer";
				COPY_PHASE_STRIP = NO;
				DEBUG_INFORMATION_FORMAT = "dwarf-with-dsym";
				ENABLE_STRICT_OBJC_MSGSEND = YES;
				GCC_C_LANGUAGE_STANDARD = gnu99;
				GCC_DYNAMIC_NO_PIC = NO;
				GCC_NO_COMMON_BLOCKS = YES;
				GCC_OPTIMIZATION_LEVEL = 0;
				GCC_PREPROCESSOR_DEFINITIONS = (
					"DEBUG=1",
					"$(inherited)",
				);
				GCC_SYMBOLS_PRIVATE_EXTERN = NO;
				GCC_WARN_64_TO_32_BIT_CONVERSION = YES;
				GCC_WARN_ABOUT_RETURN_TYPE = YES_ERROR;
				GCC_WARN_UNDECLARED_SELECTOR = YES;
				GCC_WARN_UNINITIALIZED_AUTOS = YES_AGGRESSIVE;
				GCC_WARN_UNUSED_FUNCTION = YES;
				GCC_WARN_UNUSED_VARIABLE = YES;
				IPHONEOS_DEPLOYMENT_TARGET = 8.3;
				MTL_ENABLE_DEBUG_INFO = YES;
				ONLY_ACTIVE_ARCH = YES;
				SDKROOT = iphoneos;
				TARGETED_DEVICE_FAMILY = "1,2";
			};
			name = Debug;
		};
		D4C624591B8A1109002E17C2 /* Release */ = {
			isa = XCBuildConfiguration;
			buildSettings = {
				ALWAYS_SEARCH_USER_PATHS = NO;
				CLANG_CXX_LANGUAGE_STANDARD = "gnu++0x";
				CLANG_CXX_LIBRARY = "libc++";
				CLANG_ENABLE_MODULES = YES;
				CLANG_ENABLE_OBJC_ARC = YES;
				CLANG_WARN_BOOL_CONVERSION = YES;
				CLANG_WARN_CONSTANT_CONVERSION = YES;
				CLANG_WARN_DIRECT_OBJC_ISA_USAGE = YES_ERROR;
				CLANG_WARN_EMPTY_BODY = YES;
				CLANG_WARN_ENUM_CONVERSION = YES;
				CLANG_WARN_INT_CONVERSION = YES;
				CLANG_WARN_OBJC_ROOT_CLASS = YES_ERROR;
				CLANG_WARN_UNREACHABLE_CODE = YES;
				CLANG_WARN__DUPLICATE_METHOD_MATCH = YES;
				"CODE_SIGN_IDENTITY[sdk=iphoneos*]" = "iPhone Developer";
				COPY_PHASE_STRIP = NO;
				DEBUG_INFORMATION_FORMAT = "dwarf-with-dsym";
				ENABLE_NS_ASSERTIONS = NO;
				ENABLE_STRICT_OBJC_MSGSEND = YES;
				GCC_C_LANGUAGE_STANDARD = gnu99;
				GCC_NO_COMMON_BLOCKS = YES;
				GCC_WARN_64_TO_32_BIT_CONVERSION = YES;
				GCC_WARN_ABOUT_RETURN_TYPE = YES_ERROR;
				GCC_WARN_UNDECLARED_SELECTOR = YES;
				GCC_WARN_UNINITIALIZED_AUTOS = YES_AGGRESSIVE;
				GCC_WARN_UNUSED_FUNCTION = YES;
				GCC_WARN_UNUSED_VARIABLE = YES;
				IPHONEOS_DEPLOYMENT_TARGET = 8.3;
				MTL_ENABLE_DEBUG_INFO = NO;
				SDKROOT = iphoneos;
				TARGETED_DEVICE_FAMILY = "1,2";
				VALIDATE_PRODUCT = YES;
			};
			name = Release;
		};
		D4C6245B1B8A1109002E17C2 /* Debug */ = {
			isa = XCBuildConfiguration;
			buildSettings = {
				ASSETCATALOG_COMPILER_APPICON_NAME = AppIcon;
				INFOPLIST_FILE = test/Info.plist;
				LD_RUNPATH_SEARCH_PATHS = "$(inherited) @executable_path/Frameworks";
				PRODUCT_NAME = "$(TARGET_NAME)";
			};
			name = Debug;
		};
		D4C6245C1B8A1109002E17C2 /* Release */ = {
			isa = XCBuildConfiguration;
			buildSettings = {
				ASSETCATALOG_COMPILER_APPICON_NAME = AppIcon;
				INFOPLIST_FILE = test/Info.plist;
				LD_RUNPATH_SEARCH_PATHS = "$(inherited) @executable_path/Frameworks";
				PRODUCT_NAME = "$(TARGET_NAME)";
			};
			name = Release;
		};
		D4C6245E1B8A1109002E17C2 /* Debug */ = {
			isa = XCBuildConfiguration;
			buildSettings = {
				BUNDLE_LOADER = "$(TEST_HOST)";
				FRAMEWORK_SEARCH_PATHS = (
					"$(SDKROOT)/Developer/Library/Frameworks",
					"$(inherited)",
				);
				GCC_PREPROCESSOR_DEFINITIONS = (
					"DEBUG=1",
					"$(inherited)",
				);
				INFOPLIST_FILE = testTests/Info.plist;
				LD_RUNPATH_SEARCH_PATHS = "$(inherited) @executable_path/Frameworks @loader_path/Frameworks";
				PRODUCT_NAME = "$(TARGET_NAME)";
				TEST_HOST = "$(BUILT_PRODUCTS_DIR)/test.app/test";
			};
			name = Debug;
		};
		D4C6245F1B8A1109002E17C2 /* Release */ = {
			isa = XCBuildConfiguration;
			buildSettings = {
				BUNDLE_LOADER = "$(TEST_HOST)";
				FRAMEWORK_SEARCH_PATHS = (
					"$(SDKROOT)/Developer/Library/Frameworks",
					"$(inherited)",
				);
				INFOPLIST_FILE = testTests/Info.plist;
				LD_RUNPATH_SEARCH_PATHS = "$(inherited) @executable_path/Frameworks @loader_path/Frameworks";
				PRODUCT_NAME = "$(TARGET_NAME)";
				TEST_HOST = "$(BUILT_PRODUCTS_DIR)/test.app/test";
			};
			name = Release;
		};
/* End XCBuildConfiguration section */

/* Begin XCConfigurationList section */
		D4C624321B8A1109002E17C2 /* Build configuration list for PBXProject "test" */ = {
			isa = XCConfigurationList;
			buildConfigurations = (
				D4C624581B8A1109002E17C2 /* Debug */,
				D4C624591B8A1109002E17C2 /* Release */,
			);
			defaultConfigurationIsVisible = 0;
			defaultConfigurationName = Release;
		};
		D4C6245A1B8A1109002E17C2 /* Build configuration list for PBXNativeTarget "test" */ = {
			isa = XCConfigurationList;
			buildConfigurations = (
				D4C6245B1B8A1109002E17C2 /* Debug */,
				D4C6245C1B8A1109002E17C2 /* Release */,
			);
			defaultConfigurationIsVisible = 0;
		};
		D4C6245D1B8A1109002E17C2 /* Build configuration list for PBXNativeTarget "testTests" */ = {
			isa = XCConfigurationList;
			buildConfigurations = (
				D4C6245E1B8A1109002E17C2 /* Debug */,
				D4C6245F1B8A1109002E17C2 /* Release */,
			);
			defaultConfigurationIsVisible = 0;
		};
/* End XCConfigurationList section */
	};
	rootObject = D4C6242F1B8A1109002E17C2 /* Project object */;
}
